
Microsoft Visual Studio Solution File, Format Version 12.00
# Visual Studio Version 17
VisualStudioVersion = 17.14.36623.8 d17.14
MinimumVisualStudioVersion = 10.0.40219.1
Project("{8BC9CEB8-8B4A-11D0-8D11-00A0C91BC942}") = "SIYPV", "SIYPV\SIYPV.vcxproj", "{19AD03E1-02A5-49F6-8636-93428D23A1DF}"
EndProject
Global
	GlobalSection(SolutionConfigurationPlatforms) = preSolution
		Debug|x64 = Debug|x64
		Debug|x86 = Debug|x86
		Release|x64 = Release|x64
		Release|x86 = Release|x86
	EndGlobalSection
	GlobalSection(ProjectConfigurationPlatforms) = postSolution
		{19AD03E1-02A5-49F6-8636-93428D23A1DF}.Debug|x64.ActiveCfg = Debug|x64
		{19AD03E1-02A5-49F6-8636-93428D23A1DF}.Debug|x64.Build.0 = Debug|x64
		{19AD03E1-02A5-49F6-8636-93428D23A1DF}.Debug|x86.ActiveCfg = Debug|Win32
		{19AD03E1-02A5-49F6-8636-93428D23A1DF}.Debug|x86.Build.0 = Debug|Win32
		{19AD03E1-02A5-49F6-8636-93428D23A1DF}.Release|x64.ActiveCfg = Release|x64
		{19AD03E1-02A5-49F6-8636-93428D23A1DF}.Release|x64.Build.0 = Release|x64
		{19AD03E1-02A5-49F6-8636-93428D23A1DF}.Release|x86.ActiveCfg = Release|Win32
		{19AD03E1-02A5-49F6-8636-93428D23A1DF}.Release|x86.Build.0 = Release|Win32
	EndGlobalSection
	GlobalSection(SolutionProperties) = preSolution
		HideSolutionNode = FALSE
	EndGlobalSection
	GlobalSection(ExtensibilityGlobals) = postSolution
		SolutionGuid = {B6EC0480-B536-4ECC-B5C7-D8FE5E95BDAB}
	EndGlobalSection
EndGlobal
